
Microsoft Visual Studio Solution File, Format Version 12.00
# Visual Studio Version 16
VisualStudioVersion = 16.0.31829.152
MinimumVisualStudioVersion = 10.0.40219.1
Project("{FAE04EC0-301F-11D3-BF4B-00C04F79EFBC}") = "EditorTutorial.Android", "EditorTutorial.Android\EditorTutorial.Android.csproj", "{A6CC6C66-561C-4365-8DA8-CDAC82148B33}"
EndProject
Project("{FAE04EC0-301F-11D3-BF4B-00C04F79EFBC}") = "EditorTutorial", "EditorTutorial\EditorTutorial.csproj", "{D97FBD65-188D-45EB-8B9C-20EC3750C827}"
EndProject
Global
	GlobalSection(SolutionConfigurationPlatforms) = preSolution
		Debug|Any CPU = Debug|Any CPU
		Release|Any CPU = Release|Any CPU
	EndGlobalSection
	GlobalSection(ProjectConfigurationPlatforms) = postSolution
		{A6CC6C66-561C-4365-8DA8-CDAC82148B33}.Debug|Any CPU.ActiveCfg = Debug|Any CPU
		{A6CC6C66-561C-4365-8DA8-CDAC82148B33}.Debug|Any CPU.Build.0 = Debug|Any CPU
		{A6CC6C66-561C-4365-8DA8-CDAC82148B33}.Debug|Any CPU.Deploy.0 = Debug|Any CPU
		{A6CC6C66-561C-4365-8DA8-CDAC82148B33}.Release|Any CPU.ActiveCfg = Release|Any CPU
		{A6CC6C66-561C-4365-8DA8-CDAC82148B33}.Release|Any CPU.Build.0 = Release|Any CPU
		{A6CC6C66-561C-4365-8DA8-CDAC82148B33}.Release|Any CPU.Deploy.0 = Release|Any CPU
		{D97FBD65-188D-45EB-8B9C-20EC3750C827}.Debug|Any CPU.ActiveCfg = Debug|Any CPU
		{D97FBD65-188D-45EB-8B9C-20EC3750C827}.Debug|Any CPU.Build.0 = Debug|Any CPU
		{D97FBD65-188D-45EB-8B9C-20EC3750C827}.Debug|Any CPU.Deploy.0 = Debug|Any CPU
		{D97FBD65-188D-45EB-8B9C-20EC3750C827}.Release|Any CPU.ActiveCfg = Release|Any CPU
		{D97FBD65-188D-45EB-8B9C-20EC3750C827}.Release|Any CPU.Build.0 = Release|Any CPU
		{D97FBD65-188D-45EB-8B9C-20EC3750C827}.Release|Any CPU.Deploy.0 = Release|Any CPU
	EndGlobalSection
	GlobalSection(SolutionProperties) = preSolution
		HideSolutionNode = FALSE
	EndGlobalSection
	GlobalSection(ExtensibilityGlobals) = postSolution
		SolutionGuid = {81517204-1936-43A3-812C-5D90343F1F56}
	EndGlobalSection
EndGlobal
